{
  "name": "peopledatalabs-example",
  "version": "1.0.0",
  "lockfileVersion": 2,
  "requires": true,
  "packages": {
    "": {
      "name": "peopledatalabs-example",
      "version": "1.0.0",
      "license": "MIT",
      "devDependencies": {
        "dotenv": "^14.2.0"
      }
    },
    "..": {
      "name": "peopledatalabs",
      "version": "1.0.0",
      "extraneous": true,
      "license": "MIT",
      "dependencies": {
        "axios": "^0.24.0"
      },
      "devDependencies": {
        "eslint": "^6.8.0",
        "eslint-config-airbnb": "^18.2.1",
        "eslint-plugin-import": "^2.24.0",
        "eslint-plugin-jsx-a11y": "^6.4.1",
        "eslint-plugin-react": "^7.24.0",
        "eslint-plugin-react-hooks": "^1.7.0",
        "eslint-plugin-unused-imports": "^2.0.0",
        "microbundle": "^0.14.2"
      }
    },
    "node_modules/dotenv": {
      "version": "14.2.0",
      "resolved": "https://registry.npmjs.org/dotenv/-/dotenv-14.2.0.tgz",
      "integrity": "sha512-05POuPJyPpO6jqzTNweQFfAyMSD4qa4lvsMOWyTRTdpHKy6nnnN+IYWaXF+lHivhBH/ufDKlR4IWCAN3oPnHuw==",
      "dev": true,
      "engines": {
        "node": ">=12"
      }
    }
  },
  "dependencies": {
    "dotenv": {
      "version": "14.2.0",
      "resolved": "https://registry.npmjs.org/dotenv/-/dotenv-14.2.0.tgz",
      "integrity": "sha512-05POuPJyPpO6jqzTNweQFfAyMSD4qa4lvsMOWyTRTdpHKy6nnnN+IYWaXF+lHivhBH/ufDKlR4IWCAN3oPnHuw==",
      "dev": true
    }
  }
}
